
Microsoft Visual Studio Solution File, Format Version 12.00
# Visual Studio 15
VisualStudioVersion = 15.0.27130.2020
MinimumVisualStudioVersion = 10.0.40219.1
Project("{FAE04EC0-301F-11D3-BF4B-00C04F79EFBC}") = "FirstApp", "FirstApp\FirstApp.csproj", "{4E86F8C8-BAC5-4208-A564-F2592A83F8EF}"
EndProject
Global
	GlobalSection(SolutionConfigurationPlatforms) = preSolution
		Debug|Any CPU = Debug|Any CPU
		Release|Any CPU = Release|Any CPU
	EndGlobalSection
	GlobalSection(ProjectConfigurationPlatforms) = postSolution
		{4E86F8C8-BAC5-4208-A564-F2592A83F8EF}.Debug|Any CPU.ActiveCfg = Debug|Any CPU
		{4E86F8C8-BAC5-4208-A564-F2592A83F8EF}.Debug|Any CPU.Build.0 = Debug|Any CPU
		{4E86F8C8-BAC5-4208-A564-F2592A83F8EF}.Release|Any CPU.ActiveCfg = Release|Any CPU
		{4E86F8C8-BAC5-4208-A564-F2592A83F8EF}.Release|Any CPU.Build.0 = Release|Any CPU
	EndGlobalSection
	GlobalSection(SolutionProperties) = preSolution
		HideSolutionNode = FALSE
	EndGlobalSection
	GlobalSection(ExtensibilityGlobals) = postSolution
		SolutionGuid = {49A48D6B-B349-418E-ADFC-D64841FE2D9E}
	EndGlobalSection
EndGlobal
